{
  "nodes": {
    "crane": {
      "locked": {
        "lastModified": 1725125250,
        "narHash": "sha256-CB20rDD5eHikF6mMTTJdwPP1qvyoiyyw1RDUzwIaIF8=",
        "owner": "ipetkov",
        "repo": "crane",
        "rev": "96fd12c7100e9e05fa1a0a5bd108525600ce282f",
        "type": "github"
      },
      "original": {
        "owner": "ipetkov",
        "repo": "crane",
        "type": "github"
      }
    },
    "flake-parts": {
      "inputs": {
        "nixpkgs-lib": "nixpkgs-lib"
      },
      "locked": {
        "lastModified": 1725024810,
        "narHash": "sha256-ODYRm8zHfLTH3soTFWE452ydPYz2iTvr9T8ftDMUQ3E=",
        "owner": "hercules-ci",
        "repo": "flake-parts",
        "rev": "af510d4a62d071ea13925ce41c95e3dec816c01d",
        "type": "github"
      },
      "original": {
        "owner": "hercules-ci",
        "repo": "flake-parts",
        "type": "github"
      }
    },
    "nixpkgs": {
      "locked": {
        "lastModified": 1724819573,
        "narHash": "sha256-GnR7/ibgIH1vhoy8cYdmXE6iyZqKqFxQSVkFgosBh6w=",
        "owner": "NixOS",
        "repo": "nixpkgs",
        "rev": "71e91c409d1e654808b2621f28a327acfdad8dc2",
        "type": "github"
      },
      "original": {
        "owner": "NixOS",
        "ref": "nixos-unstable",
        "repo": "nixpkgs",
        "type": "github"
      }
    },
    "nixpkgs-lib": {
      "locked": {
        "lastModified": 1722555339,
        "narHash": "sha256-uFf2QeW7eAHlYXuDktm9c25OxOyCoUOQmh5SZ9amE5Q=",
        "type": "tarball",
        "url": "https://github.com/NixOS/nixpkgs/archive/a5d394176e64ab29c852d03346c1fc9b0b7d33eb.tar.gz"
      },
      "original": {
        "type": "tarball",
        "url": "https://github.com/NixOS/nixpkgs/archive/a5d394176e64ab29c852d03346c1fc9b0b7d33eb.tar.gz"
      }
    },
    "playit-agent-source": {
      "flake": false,
      "locked": {
        "lastModified": 1724699897,
        "narHash": "sha256-BGfpi3PAG5jwKgg/Hr7t7rhdZo+edDKpob9VRxUegjg=",
        "owner": "playit-cloud",
        "repo": "playit-agent",
        "rev": "fe6e3ca757a7e22d665fb227be06d954fa8fcb0c",
        "type": "github"
      },
      "original": {
        "owner": "playit-cloud",
        "repo": "playit-agent",
        "type": "github"
      }
    },
    "root": {
      "inputs": {
        "crane": "crane",
        "flake-parts": "flake-parts",
        "nixpkgs": "nixpkgs",
        "playit-agent-source": "playit-agent-source",
        "rust-overlay": "rust-overlay",
        "systems": "systems"
      }
    },
    "rust-overlay": {
      "inputs": {
        "nixpkgs": [
          "nixpkgs"
        ]
      },
      "locked": {
        "lastModified": 1725157860,
        "narHash": "sha256-DhqyM7XJYKj+WAEaYwMtXaYX66tA+lOd31sd5QkxLDM=",
        "owner": "oxalica",
        "repo": "rust-overlay",
        "rev": "1fd72e343c6890f695243a37b367a1e3b90a49ee",
        "type": "github"
      },
      "original": {
        "owner": "oxalica",
        "repo": "rust-overlay",
        "type": "github"
      }
    },
    "systems": {
      "locked": {
        "lastModified": 1681028828,
        "narHash": "sha256-Vy1rq5AaRuLzOxct8nz4T6wlgyUR7zLU309k9mBC768=",
        "owner": "nix-systems",
        "repo": "default",
        "rev": "da67096a3b9bf56a91d16901293e51ba5b49a27e",
        "type": "github"
      },
      "original": {
        "owner": "nix-systems",
        "repo": "default",
        "type": "github"
      }
    }
  },
  "root": "root",
  "version": 7
}
